
Microsoft Visual Studio Solution File, Format Version 12.00
# Visual Studio Version 17
VisualStudioVersion = 17.12.35527.113 d17.12
MinimumVisualStudioVersion = 10.0.40219.1
Project("{FAE04EC0-301F-11D3-BF4B-00C04F79EFBC}") = "SoruCevapPortali.Api", "SoruCevapPortali.Api\SoruCevapPortali.Api.csproj", "{C534D6E0-C969-48ED-A26B-53A8090FDA37}"
EndProject
Project("{FAE04EC0-301F-11D3-BF4B-00C04F79EFBC}") = "SoruCevapPortali.Ui", "SoruCevapPortali.Ui\SoruCevapPortali.Ui.csproj", "{4A0DBED1-49F8-4DA3-A8F4-D0200A4FF2AD}"
EndProject
Global
	GlobalSection(SolutionConfigurationPlatforms) = preSolution
		Debug|Any CPU = Debug|Any CPU
		Release|Any CPU = Release|Any CPU
	EndGlobalSection
	GlobalSection(ProjectConfigurationPlatforms) = postSolution
		{C534D6E0-C969-48ED-A26B-53A8090FDA37}.Debug|Any CPU.ActiveCfg = Debug|Any CPU
		{C534D6E0-C969-48ED-A26B-53A8090FDA37}.Debug|Any CPU.Build.0 = Debug|Any CPU
		{C534D6E0-C969-48ED-A26B-53A8090FDA37}.Release|Any CPU.ActiveCfg = Release|Any CPU
		{C534D6E0-C969-48ED-A26B-53A8090FDA37}.Release|Any CPU.Build.0 = Release|Any CPU
		{4A0DBED1-49F8-4DA3-A8F4-D0200A4FF2AD}.Debug|Any CPU.ActiveCfg = Debug|Any CPU
		{4A0DBED1-49F8-4DA3-A8F4-D0200A4FF2AD}.Debug|Any CPU.Build.0 = Debug|Any CPU
		{4A0DBED1-49F8-4DA3-A8F4-D0200A4FF2AD}.Release|Any CPU.ActiveCfg = Release|Any CPU
		{4A0DBED1-49F8-4DA3-A8F4-D0200A4FF2AD}.Release|Any CPU.Build.0 = Release|Any CPU
	EndGlobalSection
	GlobalSection(SolutionProperties) = preSolution
		HideSolutionNode = FALSE
	EndGlobalSection
EndGlobal
